
Microsoft Visual Studio Solution File, Format Version 12.00
# Visual Studio Version 16
VisualStudioVersion = 16.0.808.9
MinimumVisualStudioVersion = 10.0.40219.1
Project("{FAE04EC0-301F-11D3-BF4B-00C04F79EFBC}") = "CryptoWallet.Android", "CryptoWallet.Android\CryptoWallet.Android.csproj", "{39D6BA32-3E2D-4FCE-B9E7-C8D4C43783C0}"
EndProject
Project("{FAE04EC0-301F-11D3-BF4B-00C04F79EFBC}") = "CryptoWallet.iOS", "CryptoWallet.iOS\CryptoWallet.iOS.csproj", "{47FE5257-0059-4F62-9348-1BD5E9FE6682}"
EndProject
Project("{FAE04EC0-301F-11D3-BF4B-00C04F79EFBC}") = "CryptoWallet", "CryptoWallet\CryptoWallet.csproj", "{08E1711D-D9AE-4D2D-862A-BEA39C6F1BF0}"
EndProject
Global
	GlobalSection(SolutionConfigurationPlatforms) = preSolution
		Debug|Any CPU = Debug|Any CPU
		Release|Any CPU = Release|Any CPU
		Debug|iPhoneSimulator = Debug|iPhoneSimulator
		Release|iPhoneSimulator = Release|iPhoneSimulator
		Debug|iPhone = Debug|iPhone
		Release|iPhone = Release|iPhone
	EndGlobalSection
	GlobalSection(ProjectConfigurationPlatforms) = postSolution
		{39D6BA32-3E2D-4FCE-B9E7-C8D4C43783C0}.Debug|Any CPU.ActiveCfg = Debug|Any CPU
		{39D6BA32-3E2D-4FCE-B9E7-C8D4C43783C0}.Debug|Any CPU.Build.0 = Debug|Any CPU
		{39D6BA32-3E2D-4FCE-B9E7-C8D4C43783C0}.Release|Any CPU.ActiveCfg = Release|Any CPU
		{39D6BA32-3E2D-4FCE-B9E7-C8D4C43783C0}.Release|Any CPU.Build.0 = Release|Any CPU
		{39D6BA32-3E2D-4FCE-B9E7-C8D4C43783C0}.Debug|iPhoneSimulator.ActiveCfg = Debug|Any CPU
		{39D6BA32-3E2D-4FCE-B9E7-C8D4C43783C0}.Debug|iPhoneSimulator.Build.0 = Debug|Any CPU
		{39D6BA32-3E2D-4FCE-B9E7-C8D4C43783C0}.Release|iPhoneSimulator.ActiveCfg = Release|Any CPU
		{39D6BA32-3E2D-4FCE-B9E7-C8D4C43783C0}.Release|iPhoneSimulator.Build.0 = Release|Any CPU
		{39D6BA32-3E2D-4FCE-B9E7-C8D4C43783C0}.Debug|iPhone.ActiveCfg = Debug|Any CPU
		{39D6BA32-3E2D-4FCE-B9E7-C8D4C43783C0}.Debug|iPhone.Build.0 = Debug|Any CPU
		{39D6BA32-3E2D-4FCE-B9E7-C8D4C43783C0}.Release|iPhone.ActiveCfg = Release|Any CPU
		{39D6BA32-3E2D-4FCE-B9E7-C8D4C43783C0}.Release|iPhone.Build.0 = Release|Any CPU
		{47FE5257-0059-4F62-9348-1BD5E9FE6682}.Debug|Any CPU.ActiveCfg = Debug|iPhoneSimulator
		{47FE5257-0059-4F62-9348-1BD5E9FE6682}.Debug|Any CPU.Build.0 = Debug|iPhoneSimulator
		{47FE5257-0059-4F62-9348-1BD5E9FE6682}.Release|Any CPU.ActiveCfg = Release|iPhoneSimulator
		{47FE5257-0059-4F62-9348-1BD5E9FE6682}.Release|Any CPU.Build.0 = Release|iPhoneSimulator
		{47FE5257-0059-4F62-9348-1BD5E9FE6682}.Debug|iPhoneSimulator.ActiveCfg = Debug|iPhoneSimulator
		{47FE5257-0059-4F62-9348-1BD5E9FE6682}.Debug|iPhoneSimulator.Build.0 = Debug|iPhoneSimulator
		{47FE5257-0059-4F62-9348-1BD5E9FE6682}.Release|iPhoneSimulator.ActiveCfg = Release|iPhoneSimulator
		{47FE5257-0059-4F62-9348-1BD5E9FE6682}.Release|iPhoneSimulator.Build.0 = Release|iPhoneSimulator
		{47FE5257-0059-4F62-9348-1BD5E9FE6682}.Debug|iPhone.ActiveCfg = Debug|iPhone
		{47FE5257-0059-4F62-9348-1BD5E9FE6682}.Debug|iPhone.Build.0 = Debug|iPhone
		{47FE5257-0059-4F62-9348-1BD5E9FE6682}.Release|iPhone.ActiveCfg = Release|iPhone
		{47FE5257-0059-4F62-9348-1BD5E9FE6682}.Release|iPhone.Build.0 = Release|iPhone
		{08E1711D-D9AE-4D2D-862A-BEA39C6F1BF0}.Debug|Any CPU.ActiveCfg = Debug|Any CPU
		{08E1711D-D9AE-4D2D-862A-BEA39C6F1BF0}.Debug|Any CPU.Build.0 = Debug|Any CPU
		{08E1711D-D9AE-4D2D-862A-BEA39C6F1BF0}.Release|Any CPU.ActiveCfg = Release|Any CPU
		{08E1711D-D9AE-4D2D-862A-BEA39C6F1BF0}.Release|Any CPU.Build.0 = Release|Any CPU
		{08E1711D-D9AE-4D2D-862A-BEA39C6F1BF0}.Debug|iPhoneSimulator.ActiveCfg = Debug|Any CPU
		{08E1711D-D9AE-4D2D-862A-BEA39C6F1BF0}.Debug|iPhoneSimulator.Build.0 = Debug|Any CPU
		{08E1711D-D9AE-4D2D-862A-BEA39C6F1BF0}.Release|iPhoneSimulator.ActiveCfg = Release|Any CPU
		{08E1711D-D9AE-4D2D-862A-BEA39C6F1BF0}.Release|iPhoneSimulator.Build.0 = Release|Any CPU
		{08E1711D-D9AE-4D2D-862A-BEA39C6F1BF0}.Debug|iPhone.ActiveCfg = Debug|Any CPU
		{08E1711D-D9AE-4D2D-862A-BEA39C6F1BF0}.Debug|iPhone.Build.0 = Debug|Any CPU
		{08E1711D-D9AE-4D2D-862A-BEA39C6F1BF0}.Release|iPhone.ActiveCfg = Release|Any CPU
		{08E1711D-D9AE-4D2D-862A-BEA39C6F1BF0}.Release|iPhone.Build.0 = Release|Any CPU
	EndGlobalSection
	GlobalSection(SolutionProperties) = preSolution
		HideSolutionNode = FALSE
	EndGlobalSection
	GlobalSection(ExtensibilityGlobals) = postSolution
		SolutionGuid = {7D650E21-B3B9-4F12-A461-716E4AA3F899}
	EndGlobalSection
EndGlobal
